
Microsoft Visual Studio Solution File, Format Version 12.00
# Visual Studio Version 17
VisualStudioVersion = 17.0.32014.148
MinimumVisualStudioVersion = 10.0.40219.1
Project("{9A19103F-16F7-4668-BE54-9A1E7A4F7556}") = "Humbatt.UI.Toolkit.Core", "Humbatt.UI.Toolkit.Core\Humbatt.UI.Toolkit.Core.csproj", "{3B2B1721-6FB7-4924-BB80-C4C3BC17C376}"
EndProject
Project("{9A19103F-16F7-4668-BE54-9A1E7A4F7556}") = "Humbatt.UI.Toolkit.WPF", "Humbatt.UI.Toolkit.WPF\Humbatt.UI.Toolkit.WPF.csproj", "{1B01DA36-A39E-4C7F-B336-3D050DF89A0F}"
EndProject
Project("{9A19103F-16F7-4668-BE54-9A1E7A4F7556}") = "Humbatt.UI.Toolkit.WPF.Metro", "Humbatt.UI.Toolkit.WPF.Metro\Humbatt.UI.Toolkit.WPF.Metro.csproj", "{360C611F-08DD-4971-96C3-50089C4B1EE7}"
EndProject
Project("{2150E333-8FDC-42A3-9474-1A3956D46DE8}") = "Samples", "Samples", "{50E4896E-4377-4E40-B46F-170D9D089748}"
EndProject
Project("{9A19103F-16F7-4668-BE54-9A1E7A4F7556}") = "HumbattUIKitSample", "HumbattUIKitSample\HumbattUIKitSample.csproj", "{89074AB2-36CA-4D56-9038-66833E60C1EA}"
EndProject
Project("{9A19103F-16F7-4668-BE54-9A1E7A4F7556}") = "Humbatt.UI.Toolkit.WPF.Mvvm", "Humbatt.UI.Toolkit.WPF.Mvvm\Humbatt.UI.Toolkit.WPF.Mvvm.csproj", "{960CFC5C-F38E-43B3-BC80-3C7214E3F937}"
EndProject
Project("{2150E333-8FDC-42A3-9474-1A3956D46DE8}") = ".ci", ".ci", "{30787332-25CE-4430-9157-4B14F1F1E592}"
	ProjectSection(SolutionItems) = preProject
		azure-pipelines-mergetest.yml = azure-pipelines-mergetest.yml
		azure-pipelines-release.yml = azure-pipelines-release.yml
		README.md = README.md
	EndProjectSection
EndProject
Project("{2150E333-8FDC-42A3-9474-1A3956D46DE8}") = "WPF", "WPF", "{9E4D6CC4-3664-4491-9CAD-6E94100FA262}"
EndProject
Project("{2150E333-8FDC-42A3-9474-1A3956D46DE8}") = "Desktop", "Desktop", "{666FECCC-9FEF-4CD5-983E-4D85C64ECDD3}"
EndProject
Project("{9A19103F-16F7-4668-BE54-9A1E7A4F7556}") = "Humbatt.UI.Toolkit.Desktop", "Humbatt.UI.Toolkit.Desktop\Humbatt.UI.Toolkit.Desktop.csproj", "{87952084-4D25-449E-BE1D-743E0A120449}"
EndProject
Project("{9A19103F-16F7-4668-BE54-9A1E7A4F7556}") = "WpfSample", "WpfSample\WpfSample.csproj", "{A411D989-7B6D-4EC8-A226-E0FD153CD9A0}"
EndProject
Project("{9A19103F-16F7-4668-BE54-9A1E7A4F7556}") = "WinUISample", "WinUISample\WinUISample.csproj", "{09F94D36-C99B-47DF-A015-B1EF62C53ED3}"
EndProject
Project("{9A19103F-16F7-4668-BE54-9A1E7A4F7556}") = "Humbatt.UI.Toolkit.Desktop.WPF-UI", "Humbatt.UI.Toolkit.Desktop.WPF-UI\Humbatt.UI.Toolkit.Desktop.WPF-UI.csproj", "{21B5D95C-E56F-4927-A554-02D80E806167}"
EndProject
Project("{9A19103F-16F7-4668-BE54-9A1E7A4F7556}") = "Humbatt.UI.Toolkit.Desktop.MahApps", "Humbatt.UI.Toolkit.Desktop.MahApps\Humbatt.UI.Toolkit.Desktop.MahApps.csproj", "{615748CC-8B75-498A-BC15-4712625681DE}"
EndProject
Project("{FAE04EC0-301F-11D3-BF4B-00C04F79EFBC}") = "WPFUISample", "WPFUISample\WPFUISample.csproj", "{E107ABD7-C237-4430-914D-AE2D2B580947}"
EndProject
Global
	GlobalSection(SolutionConfigurationPlatforms) = preSolution
		Debug|Any CPU = Debug|Any CPU
		Debug|ARM64 = Debug|ARM64
		Debug|x64 = Debug|x64
		Debug|x86 = Debug|x86
		Release|Any CPU = Release|Any CPU
		Release|ARM64 = Release|ARM64
		Release|x64 = Release|x64
		Release|x86 = Release|x86
	EndGlobalSection
	GlobalSection(ProjectConfigurationPlatforms) = postSolution
		{3B2B1721-6FB7-4924-BB80-C4C3BC17C376}.Debug|Any CPU.ActiveCfg = Debug|Any CPU
		{3B2B1721-6FB7-4924-BB80-C4C3BC17C376}.Debug|Any CPU.Build.0 = Debug|Any CPU
		{3B2B1721-6FB7-4924-BB80-C4C3BC17C376}.Debug|ARM64.ActiveCfg = Debug|Any CPU
		{3B2B1721-6FB7-4924-BB80-C4C3BC17C376}.Debug|ARM64.Build.0 = Debug|Any CPU
		{3B2B1721-6FB7-4924-BB80-C4C3BC17C376}.Debug|x64.ActiveCfg = Debug|Any CPU
		{3B2B1721-6FB7-4924-BB80-C4C3BC17C376}.Debug|x64.Build.0 = Debug|Any CPU
		{3B2B1721-6FB7-4924-BB80-C4C3BC17C376}.Debug|x86.ActiveCfg = Debug|Any CPU
		{3B2B1721-6FB7-4924-BB80-C4C3BC17C376}.Debug|x86.Build.0 = Debug|Any CPU
		{3B2B1721-6FB7-4924-BB80-C4C3BC17C376}.Release|Any CPU.ActiveCfg = Release|Any CPU
		{3B2B1721-6FB7-4924-BB80-C4C3BC17C376}.Release|Any CPU.Build.0 = Release|Any CPU
		{3B2B1721-6FB7-4924-BB80-C4C3BC17C376}.Release|ARM64.ActiveCfg = Release|Any CPU
		{3B2B1721-6FB7-4924-BB80-C4C3BC17C376}.Release|ARM64.Build.0 = Release|Any CPU
		{3B2B1721-6FB7-4924-BB80-C4C3BC17C376}.Release|x64.ActiveCfg = Release|Any CPU
		{3B2B1721-6FB7-4924-BB80-C4C3BC17C376}.Release|x64.Build.0 = Release|Any CPU
		{3B2B1721-6FB7-4924-BB80-C4C3BC17C376}.Release|x86.ActiveCfg = Release|Any CPU
		{3B2B1721-6FB7-4924-BB80-C4C3BC17C376}.Release|x86.Build.0 = Release|Any CPU
		{1B01DA36-A39E-4C7F-B336-3D050DF89A0F}.Debug|Any CPU.ActiveCfg = Debug|Any CPU
		{1B01DA36-A39E-4C7F-B336-3D050DF89A0F}.Debug|Any CPU.Build.0 = Debug|Any CPU
		{1B01DA36-A39E-4C7F-B336-3D050DF89A0F}.Debug|ARM64.ActiveCfg = Debug|Any CPU
		{1B01DA36-A39E-4C7F-B336-3D050DF89A0F}.Debug|ARM64.Build.0 = Debug|Any CPU
		{1B01DA36-A39E-4C7F-B336-3D050DF89A0F}.Debug|x64.ActiveCfg = Debug|Any CPU
		{1B01DA36-A39E-4C7F-B336-3D050DF89A0F}.Debug|x64.Build.0 = Debug|Any CPU
		{1B01DA36-A39E-4C7F-B336-3D050DF89A0F}.Debug|x86.ActiveCfg = Debug|Any CPU
		{1B01DA36-A39E-4C7F-B336-3D050DF89A0F}.Debug|x86.Build.0 = Debug|Any CPU
		{1B01DA36-A39E-4C7F-B336-3D050DF89A0F}.Release|Any CPU.ActiveCfg = Release|Any CPU
		{1B01DA36-A39E-4C7F-B336-3D050DF89A0F}.Release|Any CPU.Build.0 = Release|Any CPU
		{1B01DA36-A39E-4C7F-B336-3D050DF89A0F}.Release|ARM64.ActiveCfg = Release|Any CPU
		{1B01DA36-A39E-4C7F-B336-3D050DF89A0F}.Release|ARM64.Build.0 = Release|Any CPU
		{1B01DA36-A39E-4C7F-B336-3D050DF89A0F}.Release|x64.ActiveCfg = Release|Any CPU
		{1B01DA36-A39E-4C7F-B336-3D050DF89A0F}.Release|x64.Build.0 = Release|Any CPU
		{1B01DA36-A39E-4C7F-B336-3D050DF89A0F}.Release|x86.ActiveCfg = Release|Any CPU
		{1B01DA36-A39E-4C7F-B336-3D050DF89A0F}.Release|x86.Build.0 = Release|Any CPU
		{360C611F-08DD-4971-96C3-50089C4B1EE7}.Debug|Any CPU.ActiveCfg = Debug|Any CPU
		{360C611F-08DD-4971-96C3-50089C4B1EE7}.Debug|Any CPU.Build.0 = Debug|Any CPU
		{360C611F-08DD-4971-96C3-50089C4B1EE7}.Debug|ARM64.ActiveCfg = Debug|Any CPU
		{360C611F-08DD-4971-96C3-50089C4B1EE7}.Debug|ARM64.Build.0 = Debug|Any CPU
		{360C611F-08DD-4971-96C3-50089C4B1EE7}.Debug|x64.ActiveCfg = Debug|Any CPU
		{360C611F-08DD-4971-96C3-50089C4B1EE7}.Debug|x64.Build.0 = Debug|Any CPU
		{360C611F-08DD-4971-96C3-50089C4B1EE7}.Debug|x86.ActiveCfg = Debug|Any CPU
		{360C611F-08DD-4971-96C3-50089C4B1EE7}.Debug|x86.Build.0 = Debug|Any CPU
		{360C611F-08DD-4971-96C3-50089C4B1EE7}.Release|Any CPU.ActiveCfg = Release|Any CPU
		{360C611F-08DD-4971-96C3-50089C4B1EE7}.Release|Any CPU.Build.0 = Release|Any CPU
		{360C611F-08DD-4971-96C3-50089C4B1EE7}.Release|ARM64.ActiveCfg = Release|Any CPU
		{360C611F-08DD-4971-96C3-50089C4B1EE7}.Release|ARM64.Build.0 = Release|Any CPU
		{360C611F-08DD-4971-96C3-50089C4B1EE7}.Release|x64.ActiveCfg = Release|Any CPU
		{360C611F-08DD-4971-96C3-50089C4B1EE7}.Release|x64.Build.0 = Release|Any CPU
		{360C611F-08DD-4971-96C3-50089C4B1EE7}.Release|x86.ActiveCfg = Release|Any CPU
		{360C611F-08DD-4971-96C3-50089C4B1EE7}.Release|x86.Build.0 = Release|Any CPU
		{89074AB2-36CA-4D56-9038-66833E60C1EA}.Debug|Any CPU.ActiveCfg = Debug|Any CPU
		{89074AB2-36CA-4D56-9038-66833E60C1EA}.Debug|Any CPU.Build.0 = Debug|Any CPU
		{89074AB2-36CA-4D56-9038-66833E60C1EA}.Debug|ARM64.ActiveCfg = Debug|Any CPU
		{89074AB2-36CA-4D56-9038-66833E60C1EA}.Debug|ARM64.Build.0 = Debug|Any CPU
		{89074AB2-36CA-4D56-9038-66833E60C1EA}.Debug|x64.ActiveCfg = Debug|Any CPU
		{89074AB2-36CA-4D56-9038-66833E60C1EA}.Debug|x64.Build.0 = Debug|Any CPU
		{89074AB2-36CA-4D56-9038-66833E60C1EA}.Debug|x86.ActiveCfg = Debug|Any CPU
		{89074AB2-36CA-4D56-9038-66833E60C1EA}.Debug|x86.Build.0 = Debug|Any CPU
		{89074AB2-36CA-4D56-9038-66833E60C1EA}.Release|Any CPU.ActiveCfg = Release|Any CPU
		{89074AB2-36CA-4D56-9038-66833E60C1EA}.Release|Any CPU.Build.0 = Release|Any CPU
		{89074AB2-36CA-4D56-9038-66833E60C1EA}.Release|ARM64.ActiveCfg = Release|Any CPU
		{89074AB2-36CA-4D56-9038-66833E60C1EA}.Release|ARM64.Build.0 = Release|Any CPU
		{89074AB2-36CA-4D56-9038-66833E60C1EA}.Release|x64.ActiveCfg = Release|Any CPU
		{89074AB2-36CA-4D56-9038-66833E60C1EA}.Release|x64.Build.0 = Release|Any CPU
		{89074AB2-36CA-4D56-9038-66833E60C1EA}.Release|x86.ActiveCfg = Release|Any CPU
		{89074AB2-36CA-4D56-9038-66833E60C1EA}.Release|x86.Build.0 = Release|Any CPU
		{960CFC5C-F38E-43B3-BC80-3C7214E3F937}.Debug|Any CPU.ActiveCfg = Debug|Any CPU
		{960CFC5C-F38E-43B3-BC80-3C7214E3F937}.Debug|Any CPU.Build.0 = Debug|Any CPU
		{960CFC5C-F38E-43B3-BC80-3C7214E3F937}.Debug|ARM64.ActiveCfg = Debug|Any CPU
		{960CFC5C-F38E-43B3-BC80-3C7214E3F937}.Debug|ARM64.Build.0 = Debug|Any CPU
		{960CFC5C-F38E-43B3-BC80-3C7214E3F937}.Debug|x64.ActiveCfg = Debug|Any CPU
		{960CFC5C-F38E-43B3-BC80-3C7214E3F937}.Debug|x64.Build.0 = Debug|Any CPU
		{960CFC5C-F38E-43B3-BC80-3C7214E3F937}.Debug|x86.ActiveCfg = Debug|Any CPU
		{960CFC5C-F38E-43B3-BC80-3C7214E3F937}.Debug|x86.Build.0 = Debug|Any CPU
		{960CFC5C-F38E-43B3-BC80-3C7214E3F937}.Release|Any CPU.ActiveCfg = Release|Any CPU
		{960CFC5C-F38E-43B3-BC80-3C7214E3F937}.Release|Any CPU.Build.0 = Release|Any CPU
		{960CFC5C-F38E-43B3-BC80-3C7214E3F937}.Release|ARM64.ActiveCfg = Release|Any CPU
		{960CFC5C-F38E-43B3-BC80-3C7214E3F937}.Release|ARM64.Build.0 = Release|Any CPU
		{960CFC5C-F38E-43B3-BC80-3C7214E3F937}.Release|x64.ActiveCfg = Release|Any CPU
		{960CFC5C-F38E-43B3-BC80-3C7214E3F937}.Release|x64.Build.0 = Release|Any CPU
		{960CFC5C-F38E-43B3-BC80-3C7214E3F937}.Release|x86.ActiveCfg = Release|Any CPU
		{960CFC5C-F38E-43B3-BC80-3C7214E3F937}.Release|x86.Build.0 = Release|Any CPU
		{87952084-4D25-449E-BE1D-743E0A120449}.Debug|Any CPU.ActiveCfg = Debug|Any CPU
		{87952084-4D25-449E-BE1D-743E0A120449}.Debug|Any CPU.Build.0 = Debug|Any CPU
		{87952084-4D25-449E-BE1D-743E0A120449}.Debug|ARM64.ActiveCfg = Debug|Any CPU
		{87952084-4D25-449E-BE1D-743E0A120449}.Debug|ARM64.Build.0 = Debug|Any CPU
		{87952084-4D25-449E-BE1D-743E0A120449}.Debug|x64.ActiveCfg = Debug|Any CPU
		{87952084-4D25-449E-BE1D-743E0A120449}.Debug|x64.Build.0 = Debug|Any CPU
		{87952084-4D25-449E-BE1D-743E0A120449}.Debug|x86.ActiveCfg = Debug|Any CPU
		{87952084-4D25-449E-BE1D-743E0A120449}.Debug|x86.Build.0 = Debug|Any CPU
		{87952084-4D25-449E-BE1D-743E0A120449}.Release|Any CPU.ActiveCfg = Release|Any CPU
		{87952084-4D25-449E-BE1D-743E0A120449}.Release|Any CPU.Build.0 = Release|Any CPU
		{87952084-4D25-449E-BE1D-743E0A120449}.Release|ARM64.ActiveCfg = Release|Any CPU
		{87952084-4D25-449E-BE1D-743E0A120449}.Release|ARM64.Build.0 = Release|Any CPU
		{87952084-4D25-449E-BE1D-743E0A120449}.Release|x64.ActiveCfg = Release|Any CPU
		{87952084-4D25-449E-BE1D-743E0A120449}.Release|x64.Build.0 = Release|Any CPU
		{87952084-4D25-449E-BE1D-743E0A120449}.Release|x86.ActiveCfg = Release|Any CPU
		{87952084-4D25-449E-BE1D-743E0A120449}.Release|x86.Build.0 = Release|Any CPU
		{A411D989-7B6D-4EC8-A226-E0FD153CD9A0}.Debug|Any CPU.ActiveCfg = Debug|Any CPU
		{A411D989-7B6D-4EC8-A226-E0FD153CD9A0}.Debug|Any CPU.Build.0 = Debug|Any CPU
		{A411D989-7B6D-4EC8-A226-E0FD153CD9A0}.Debug|ARM64.ActiveCfg = Debug|Any CPU
		{A411D989-7B6D-4EC8-A226-E0FD153CD9A0}.Debug|ARM64.Build.0 = Debug|Any CPU
		{A411D989-7B6D-4EC8-A226-E0FD153CD9A0}.Debug|x64.ActiveCfg = Debug|Any CPU
		{A411D989-7B6D-4EC8-A226-E0FD153CD9A0}.Debug|x64.Build.0 = Debug|Any CPU
		{A411D989-7B6D-4EC8-A226-E0FD153CD9A0}.Debug|x86.ActiveCfg = Debug|Any CPU
		{A411D989-7B6D-4EC8-A226-E0FD153CD9A0}.Debug|x86.Build.0 = Debug|Any CPU
		{A411D989-7B6D-4EC8-A226-E0FD153CD9A0}.Release|Any CPU.ActiveCfg = Release|Any CPU
		{A411D989-7B6D-4EC8-A226-E0FD153CD9A0}.Release|Any CPU.Build.0 = Release|Any CPU
		{A411D989-7B6D-4EC8-A226-E0FD153CD9A0}.Release|ARM64.ActiveCfg = Release|Any CPU
		{A411D989-7B6D-4EC8-A226-E0FD153CD9A0}.Release|ARM64.Build.0 = Release|Any CPU
		{A411D989-7B6D-4EC8-A226-E0FD153CD9A0}.Release|x64.ActiveCfg = Release|Any CPU
		{A411D989-7B6D-4EC8-A226-E0FD153CD9A0}.Release|x64.Build.0 = Release|Any CPU
		{A411D989-7B6D-4EC8-A226-E0FD153CD9A0}.Release|x86.ActiveCfg = Release|Any CPU
		{A411D989-7B6D-4EC8-A226-E0FD153CD9A0}.Release|x86.Build.0 = Release|Any CPU
		{09F94D36-C99B-47DF-A015-B1EF62C53ED3}.Debug|Any CPU.ActiveCfg = Debug|x64
		{09F94D36-C99B-47DF-A015-B1EF62C53ED3}.Debug|Any CPU.Build.0 = Debug|x64
		{09F94D36-C99B-47DF-A015-B1EF62C53ED3}.Debug|Any CPU.Deploy.0 = Debug|x64
		{09F94D36-C99B-47DF-A015-B1EF62C53ED3}.Debug|ARM64.ActiveCfg = Debug|ARM64
		{09F94D36-C99B-47DF-A015-B1EF62C53ED3}.Debug|ARM64.Build.0 = Debug|ARM64
		{09F94D36-C99B-47DF-A015-B1EF62C53ED3}.Debug|ARM64.Deploy.0 = Debug|ARM64
		{09F94D36-C99B-47DF-A015-B1EF62C53ED3}.Debug|x64.ActiveCfg = Debug|x64
		{09F94D36-C99B-47DF-A015-B1EF62C53ED3}.Debug|x64.Build.0 = Debug|x64
		{09F94D36-C99B-47DF-A015-B1EF62C53ED3}.Debug|x64.Deploy.0 = Debug|x64
		{09F94D36-C99B-47DF-A015-B1EF62C53ED3}.Debug|x86.ActiveCfg = Debug|x86
		{09F94D36-C99B-47DF-A015-B1EF62C53ED3}.Debug|x86.Build.0 = Debug|x86
		{09F94D36-C99B-47DF-A015-B1EF62C53ED3}.Debug|x86.Deploy.0 = Debug|x86
		{09F94D36-C99B-47DF-A015-B1EF62C53ED3}.Release|Any CPU.ActiveCfg = Release|x64
		{09F94D36-C99B-47DF-A015-B1EF62C53ED3}.Release|Any CPU.Build.0 = Release|x64
		{09F94D36-C99B-47DF-A015-B1EF62C53ED3}.Release|Any CPU.Deploy.0 = Release|x64
		{09F94D36-C99B-47DF-A015-B1EF62C53ED3}.Release|ARM64.ActiveCfg = Release|ARM64
		{09F94D36-C99B-47DF-A015-B1EF62C53ED3}.Release|ARM64.Build.0 = Release|ARM64
		{09F94D36-C99B-47DF-A015-B1EF62C53ED3}.Release|ARM64.Deploy.0 = Release|ARM64
		{09F94D36-C99B-47DF-A015-B1EF62C53ED3}.Release|x64.ActiveCfg = Release|x64
		{09F94D36-C99B-47DF-A015-B1EF62C53ED3}.Release|x64.Build.0 = Release|x64
		{09F94D36-C99B-47DF-A015-B1EF62C53ED3}.Release|x64.Deploy.0 = Release|x64
		{09F94D36-C99B-47DF-A015-B1EF62C53ED3}.Release|x86.ActiveCfg = Release|x86
		{09F94D36-C99B-47DF-A015-B1EF62C53ED3}.Release|x86.Build.0 = Release|x86
		{09F94D36-C99B-47DF-A015-B1EF62C53ED3}.Release|x86.Deploy.0 = Release|x86
		{21B5D95C-E56F-4927-A554-02D80E806167}.Debug|Any CPU.ActiveCfg = Debug|Any CPU
		{21B5D95C-E56F-4927-A554-02D80E806167}.Debug|Any CPU.Build.0 = Debug|Any CPU
		{21B5D95C-E56F-4927-A554-02D80E806167}.Debug|ARM64.ActiveCfg = Debug|Any CPU
		{21B5D95C-E56F-4927-A554-02D80E806167}.Debug|ARM64.Build.0 = Debug|Any CPU
		{21B5D95C-E56F-4927-A554-02D80E806167}.Debug|x64.ActiveCfg = Debug|Any CPU
		{21B5D95C-E56F-4927-A554-02D80E806167}.Debug|x64.Build.0 = Debug|Any CPU
		{21B5D95C-E56F-4927-A554-02D80E806167}.Debug|x86.ActiveCfg = Debug|Any CPU
		{21B5D95C-E56F-4927-A554-02D80E806167}.Debug|x86.Build.0 = Debug|Any CPU
		{21B5D95C-E56F-4927-A554-02D80E806167}.Release|Any CPU.ActiveCfg = Release|Any CPU
		{21B5D95C-E56F-4927-A554-02D80E806167}.Release|Any CPU.Build.0 = Release|Any CPU
		{21B5D95C-E56F-4927-A554-02D80E806167}.Release|ARM64.ActiveCfg = Release|Any CPU
		{21B5D95C-E56F-4927-A554-02D80E806167}.Release|ARM64.Build.0 = Release|Any CPU
		{21B5D95C-E56F-4927-A554-02D80E806167}.Release|x64.ActiveCfg = Release|Any CPU
		{21B5D95C-E56F-4927-A554-02D80E806167}.Release|x64.Build.0 = Release|Any CPU
		{21B5D95C-E56F-4927-A554-02D80E806167}.Release|x86.ActiveCfg = Release|Any CPU
		{21B5D95C-E56F-4927-A554-02D80E806167}.Release|x86.Build.0 = Release|Any CPU
		{615748CC-8B75-498A-BC15-4712625681DE}.Debug|Any CPU.ActiveCfg = Debug|Any CPU
		{615748CC-8B75-498A-BC15-4712625681DE}.Debug|Any CPU.Build.0 = Debug|Any CPU
		{615748CC-8B75-498A-BC15-4712625681DE}.Debug|ARM64.ActiveCfg = Debug|Any CPU
		{615748CC-8B75-498A-BC15-4712625681DE}.Debug|ARM64.Build.0 = Debug|Any CPU
		{615748CC-8B75-498A-BC15-4712625681DE}.Debug|x64.ActiveCfg = Debug|Any CPU
		{615748CC-8B75-498A-BC15-4712625681DE}.Debug|x64.Build.0 = Debug|Any CPU
		{615748CC-8B75-498A-BC15-4712625681DE}.Debug|x86.ActiveCfg = Debug|Any CPU
		{615748CC-8B75-498A-BC15-4712625681DE}.Debug|x86.Build.0 = Debug|Any CPU
		{615748CC-8B75-498A-BC15-4712625681DE}.Release|Any CPU.ActiveCfg = Release|Any CPU
		{615748CC-8B75-498A-BC15-4712625681DE}.Release|Any CPU.Build.0 = Release|Any CPU
		{615748CC-8B75-498A-BC15-4712625681DE}.Release|ARM64.ActiveCfg = Release|Any CPU
		{615748CC-8B75-498A-BC15-4712625681DE}.Release|ARM64.Build.0 = Release|Any CPU
		{615748CC-8B75-498A-BC15-4712625681DE}.Release|x64.ActiveCfg = Release|Any CPU
		{615748CC-8B75-498A-BC15-4712625681DE}.Release|x64.Build.0 = Release|Any CPU
		{615748CC-8B75-498A-BC15-4712625681DE}.Release|x86.ActiveCfg = Release|Any CPU
		{615748CC-8B75-498A-BC15-4712625681DE}.Release|x86.Build.0 = Release|Any CPU
		{E107ABD7-C237-4430-914D-AE2D2B580947}.Debug|Any CPU.ActiveCfg = Debug|Any CPU
		{E107ABD7-C237-4430-914D-AE2D2B580947}.Debug|Any CPU.Build.0 = Debug|Any CPU
		{E107ABD7-C237-4430-914D-AE2D2B580947}.Debug|ARM64.ActiveCfg = Debug|Any CPU
		{E107ABD7-C237-4430-914D-AE2D2B580947}.Debug|ARM64.Build.0 = Debug|Any CPU
		{E107ABD7-C237-4430-914D-AE2D2B580947}.Debug|x64.ActiveCfg = Debug|Any CPU
		{E107ABD7-C237-4430-914D-AE2D2B580947}.Debug|x64.Build.0 = Debug|Any CPU
		{E107ABD7-C237-4430-914D-AE2D2B580947}.Debug|x86.ActiveCfg = Debug|Any CPU
		{E107ABD7-C237-4430-914D-AE2D2B580947}.Debug|x86.Build.0 = Debug|Any CPU
		{E107ABD7-C237-4430-914D-AE2D2B580947}.Release|Any CPU.ActiveCfg = Release|Any CPU
		{E107ABD7-C237-4430-914D-AE2D2B580947}.Release|Any CPU.Build.0 = Release|Any CPU
		{E107ABD7-C237-4430-914D-AE2D2B580947}.Release|ARM64.ActiveCfg = Release|Any CPU
		{E107ABD7-C237-4430-914D-AE2D2B580947}.Release|ARM64.Build.0 = Release|Any CPU
		{E107ABD7-C237-4430-914D-AE2D2B580947}.Release|x64.ActiveCfg = Release|Any CPU
		{E107ABD7-C237-4430-914D-AE2D2B580947}.Release|x64.Build.0 = Release|Any CPU
		{E107ABD7-C237-4430-914D-AE2D2B580947}.Release|x86.ActiveCfg = Release|Any CPU
		{E107ABD7-C237-4430-914D-AE2D2B580947}.Release|x86.Build.0 = Release|Any CPU
	EndGlobalSection
	GlobalSection(SolutionProperties) = preSolution
		HideSolutionNode = FALSE
	EndGlobalSection
	GlobalSection(NestedProjects) = preSolution
		{1B01DA36-A39E-4C7F-B336-3D050DF89A0F} = {9E4D6CC4-3664-4491-9CAD-6E94100FA262}
		{360C611F-08DD-4971-96C3-50089C4B1EE7} = {9E4D6CC4-3664-4491-9CAD-6E94100FA262}
		{89074AB2-36CA-4D56-9038-66833E60C1EA} = {9E4D6CC4-3664-4491-9CAD-6E94100FA262}
		{960CFC5C-F38E-43B3-BC80-3C7214E3F937} = {9E4D6CC4-3664-4491-9CAD-6E94100FA262}
		{87952084-4D25-449E-BE1D-743E0A120449} = {666FECCC-9FEF-4CD5-983E-4D85C64ECDD3}
		{A411D989-7B6D-4EC8-A226-E0FD153CD9A0} = {50E4896E-4377-4E40-B46F-170D9D089748}
		{09F94D36-C99B-47DF-A015-B1EF62C53ED3} = {50E4896E-4377-4E40-B46F-170D9D089748}
		{21B5D95C-E56F-4927-A554-02D80E806167} = {666FECCC-9FEF-4CD5-983E-4D85C64ECDD3}
		{615748CC-8B75-498A-BC15-4712625681DE} = {666FECCC-9FEF-4CD5-983E-4D85C64ECDD3}
		{E107ABD7-C237-4430-914D-AE2D2B580947} = {50E4896E-4377-4E40-B46F-170D9D089748}
	EndGlobalSection
	GlobalSection(ExtensibilityGlobals) = postSolution
		SolutionGuid = {A3E44960-EBF2-4BFB-8A4E-3B2175936506}
	EndGlobalSection
EndGlobal
